
Microsoft Visual Studio Solution File, Format Version 12.00
# Visual Studio Version 17
VisualStudioVersion = 17.1.32328.378
MinimumVisualStudioVersion = 10.0.40219.1
Project("{8BC9CEB8-8B4A-11D0-8D11-00A0C91BC942}") = "一客户一线程(客户端)", "一客户一线程(客户端)\一客户一线程(客户端).vcxproj", "{54C0318F-F597-4129-B080-477A928C3699}"
EndProject
Global
	GlobalSection(SolutionConfigurationPlatforms) = preSolution
		Debug|x64 = Debug|x64
		Debug|x86 = Debug|x86
		Release|x64 = Release|x64
		Release|x86 = Release|x86
	EndGlobalSection
	GlobalSection(ProjectConfigurationPlatforms) = postSolution
		{54C0318F-F597-4129-B080-477A928C3699}.Debug|x64.ActiveCfg = Debug|x64
		{54C0318F-F597-4129-B080-477A928C3699}.Debug|x64.Build.0 = Debug|x64
		{54C0318F-F597-4129-B080-477A928C3699}.Debug|x86.ActiveCfg = Debug|Win32
		{54C0318F-F597-4129-B080-477A928C3699}.Debug|x86.Build.0 = Debug|Win32
		{54C0318F-F597-4129-B080-477A928C3699}.Release|x64.ActiveCfg = Release|x64
		{54C0318F-F597-4129-B080-477A928C3699}.Release|x64.Build.0 = Release|x64
		{54C0318F-F597-4129-B080-477A928C3699}.Release|x86.ActiveCfg = Release|Win32
		{54C0318F-F597-4129-B080-477A928C3699}.Release|x86.Build.0 = Release|Win32
	EndGlobalSection
	GlobalSection(SolutionProperties) = preSolution
		HideSolutionNode = FALSE
	EndGlobalSection
	GlobalSection(ExtensibilityGlobals) = postSolution
		SolutionGuid = {ED96F6C6-6273-42AC-AFDD-98A9367B8E35}
	EndGlobalSection
EndGlobal
